
Microsoft Visual Studio Solution File, Format Version 12.00
# Visual Studio Version 16
VisualStudioVersion = 16.0.30011.22
MinimumVisualStudioVersion = 10.0.40219.1
Project("{FAE04EC0-301F-11D3-BF4B-00C04F79EFBC}") = "SpringBlog", "SpringBlog\SpringBlog.csproj", "{9DDFAEBD-F6A2-41D7-92D6-BC8D92ECB65B}"
EndProject
Global
	GlobalSection(SolutionConfigurationPlatforms) = preSolution
		Debug|Any CPU = Debug|Any CPU
		Release|Any CPU = Release|Any CPU
	EndGlobalSection
	GlobalSection(ProjectConfigurationPlatforms) = postSolution
		{9DDFAEBD-F6A2-41D7-92D6-BC8D92ECB65B}.Debug|Any CPU.ActiveCfg = Debug|Any CPU
		{9DDFAEBD-F6A2-41D7-92D6-BC8D92ECB65B}.Debug|Any CPU.Build.0 = Debug|Any CPU
		{9DDFAEBD-F6A2-41D7-92D6-BC8D92ECB65B}.Release|Any CPU.ActiveCfg = Release|Any CPU
		{9DDFAEBD-F6A2-41D7-92D6-BC8D92ECB65B}.Release|Any CPU.Build.0 = Release|Any CPU
	EndGlobalSection
	GlobalSection(SolutionProperties) = preSolution
		HideSolutionNode = FALSE
	EndGlobalSection
	GlobalSection(ExtensibilityGlobals) = postSolution
		SolutionGuid = {3DD11DB3-52D9-44AB-BB6D-6BBDAC294D9C}
	EndGlobalSection
EndGlobal
